
Microsoft Visual Studio Solution File, Format Version 12.00
# Visual Studio Version 17
VisualStudioVersion = 17.1.31911.260
MinimumVisualStudioVersion = 10.0.40219.1
Project("{FAE04EC0-301F-11D3-BF4B-00C04F79EFBC}") = "WindowsFormsApp1", "WindowsFormsApp1\WindowsFormsApp1.csproj", "{607E7497-6350-477E-AD83-5F7034E976C3}"
EndProject
Global
	GlobalSection(SolutionConfigurationPlatforms) = preSolution
		Debug|Any CPU = Debug|Any CPU
		Release|Any CPU = Release|Any CPU
	EndGlobalSection
	GlobalSection(ProjectConfigurationPlatforms) = postSolution
		{607E7497-6350-477E-AD83-5F7034E976C3}.Debug|Any CPU.ActiveCfg = Debug|Any CPU
		{607E7497-6350-477E-AD83-5F7034E976C3}.Debug|Any CPU.Build.0 = Debug|Any CPU
		{607E7497-6350-477E-AD83-5F7034E976C3}.Release|Any CPU.ActiveCfg = Release|Any CPU
		{607E7497-6350-477E-AD83-5F7034E976C3}.Release|Any CPU.Build.0 = Release|Any CPU
	EndGlobalSection
	GlobalSection(SolutionProperties) = preSolution
		HideSolutionNode = FALSE
	EndGlobalSection
	GlobalSection(ExtensibilityGlobals) = postSolution
		SolutionGuid = {56B882B0-CFB2-4491-BBE8-B0BE65CAE624}
	EndGlobalSection
EndGlobal
